
Microsoft Visual Studio Solution File, Format Version 12.00
# Visual Studio 14
VisualStudioVersion = 14.0.24720.0
MinimumVisualStudioVersion = 10.0.40219.1
Project("{FAE04EC0-301F-11D3-BF4B-00C04F79EFBC}") = "SpecBlocks", "SpecBlocks\SpecBlocks.csproj", "{C822C8E3-8886-4CEB-B8F0-3AFBE0A40385}"
EndProject
Project("{FAE04EC0-301F-11D3-BF4B-00C04F79EFBC}") = "TestSpecBlocks", "TestSpecBlocks\TestSpecBlocks.csproj", "{0AD32BA7-F305-4E65-A302-F4EAAB7EE7B9}"
EndProject
Global
	GlobalSection(SolutionConfigurationPlatforms) = preSolution
		Debug|Any CPU = Debug|Any CPU
		Release|Any CPU = Release|Any CPU
	EndGlobalSection
	GlobalSection(ProjectConfigurationPlatforms) = postSolution
		{C822C8E3-8886-4CEB-B8F0-3AFBE0A40385}.Debug|Any CPU.ActiveCfg = Debug|Any CPU
		{C822C8E3-8886-4CEB-B8F0-3AFBE0A40385}.Debug|Any CPU.Build.0 = Debug|Any CPU
		{C822C8E3-8886-4CEB-B8F0-3AFBE0A40385}.Release|Any CPU.ActiveCfg = Release|Any CPU
		{C822C8E3-8886-4CEB-B8F0-3AFBE0A40385}.Release|Any CPU.Build.0 = Release|Any CPU
		{0AD32BA7-F305-4E65-A302-F4EAAB7EE7B9}.Debug|Any CPU.ActiveCfg = Debug|Any CPU
		{0AD32BA7-F305-4E65-A302-F4EAAB7EE7B9}.Debug|Any CPU.Build.0 = Debug|Any CPU
		{0AD32BA7-F305-4E65-A302-F4EAAB7EE7B9}.Release|Any CPU.ActiveCfg = Release|Any CPU
		{0AD32BA7-F305-4E65-A302-F4EAAB7EE7B9}.Release|Any CPU.Build.0 = Release|Any CPU
	EndGlobalSection
	GlobalSection(SolutionProperties) = preSolution
		HideSolutionNode = FALSE
	EndGlobalSection
EndGlobal
